
Microsoft Visual Studio Solution File, Format Version 12.00
# Visual Studio Version 17
VisualStudioVersion = 17.0.31903.59
MinimumVisualStudioVersion = 10.0.40219.1
Project("{FAE04EC0-301F-11D3-BF4B-00C04F79EFBC}") = "TicTacToe_Base", "TicTacToe_Base\TicTacToe_Base.csproj", "{BDF0C798-5952-44C7-B3EB-ED52CE0F782C}"
EndProject
Global
	GlobalSection(SolutionConfigurationPlatforms) = preSolution
		Debug|Any CPU = Debug|Any CPU
		Release|Any CPU = Release|Any CPU
	EndGlobalSection
	GlobalSection(ProjectConfigurationPlatforms) = postSolution
		{BDF0C798-5952-44C7-B3EB-ED52CE0F782C}.Debug|Any CPU.ActiveCfg = Debug|Any CPU
		{BDF0C798-5952-44C7-B3EB-ED52CE0F782C}.Debug|Any CPU.Build.0 = Debug|Any CPU
		{BDF0C798-5952-44C7-B3EB-ED52CE0F782C}.Release|Any CPU.ActiveCfg = Release|Any CPU
		{BDF0C798-5952-44C7-B3EB-ED52CE0F782C}.Release|Any CPU.Build.0 = Release|Any CPU
	EndGlobalSection
	GlobalSection(SolutionProperties) = preSolution
		HideSolutionNode = FALSE
	EndGlobalSection
	GlobalSection(ExtensibilityGlobals) = postSolution
		SolutionGuid = {1191B3AB-DB61-40B3-A99D-348270742755}
	EndGlobalSection
EndGlobal
